// !$*UTF8*$!
{
	archiveVersion = 1;
	classes = {
	};
	objectVersion = 56;
	objects = {

/* Begin PBXBuildFile section */
		621660A82B777DA500A52BAE /* HomeScreenView.swift in Sources */ = {isa = PBXBuildFile; fileRef = 621660A72B777DA500A52BAE /* HomeScreenView.swift */; };
		621660AE2B77A21E00A52BAE /* StatsViewComponent.swift in Sources */ = {isa = PBXBuildFile; fileRef = 621660AD2B77A21E00A52BAE /* StatsViewComponent.swift */; };
		621660B02B77A42A00A52BAE /* StatModel.swift in Sources */ = {isa = PBXBuildFile; fileRef = 621660AF2B77A42A00A52BAE /* StatModel.swift */; };
		621660B22B77ADE700A52BAE /* AllStatsView.swift in Sources */ = {isa = PBXBuildFile; fileRef = 621660B12B77ADE700A52BAE /* AllStatsView.swift */; };
		621660CE2B79386200A52BAE /* PrimaryButtonModifier.swift in Sources */ = {isa = PBXBuildFile; fileRef = 621660CD2B79386200A52BAE /* PrimaryButtonModifier.swift */; };
		621660D02B79394700A52BAE /* SecondaryButtonModifier.swift in Sources */ = {isa = PBXBuildFile; fileRef = 621660CF2B79394700A52BAE /* SecondaryButtonModifier.swift */; };
		621661122B7EB72000A52BAE /* QuizNavigation.swift in Sources */ = {isa = PBXBuildFile; fileRef = 621661112B7EB72000A52BAE /* QuizNavigation.swift */; };
		621661142B7EBCF700A52BAE /* QuizData.swift in Sources */ = {isa = PBXBuildFile; fileRef = 621661132B7EBCF700A52BAE /* QuizData.swift */; };
		621661162B7ECD4700A52BAE /* PreviewsData.swift in Sources */ = {isa = PBXBuildFile; fileRef = 621661152B7ECD4700A52BAE /* PreviewsData.swift */; };
		62189DD82BB63C5A00B72186 /* EndView-ViewModel.swift in Sources */ = {isa = PBXBuildFile; fileRef = 62189DD72BB63C5A00B72186 /* EndView-ViewModel.swift */; };
		6252E6192B653AE70074F46A /* QuizView.swift in Sources */ = {isa = PBXBuildFile; fileRef = 6252E6182B653AE70074F46A /* QuizView.swift */; };
		6252E61B2B6559CD0074F46A /* QuestionModel.swift in Sources */ = {isa = PBXBuildFile; fileRef = 6252E61A2B6559CD0074F46A /* QuestionModel.swift */; };
		6252E61F2B657E7C0074F46A /* EndView.swift in Sources */ = {isa = PBXBuildFile; fileRef = 6252E61E2B657E7C0074F46A /* EndView.swift */; };
		6252E6212B65826F0074F46A /* FeedbackEnum.swift in Sources */ = {isa = PBXBuildFile; fileRef = 6252E6202B65826F0074F46A /* FeedbackEnum.swift */; };
		6252E6232B6587D10074F46A /* SettingsView.swift in Sources */ = {isa = PBXBuildFile; fileRef = 6252E6222B6587D10074F46A /* SettingsView.swift */; };
		62ED76E02B65145A00262298 /* Multi_WizApp.swift in Sources */ = {isa = PBXBuildFile; fileRef = 62ED76DF2B65145A00262298 /* Multi_WizApp.swift */; };
		62ED76E42B65145C00262298 /* Assets.xcassets in Resources */ = {isa = PBXBuildFile; fileRef = 62ED76E32B65145C00262298 /* Assets.xcassets */; };
		62ED76E72B65145C00262298 /* Preview Assets.xcassets in Resources */ = {isa = PBXBuildFile; fileRef = 62ED76E62B65145C00262298 /* Preview Assets.xcassets */; };
		62FAC0812C6EA928004AF112 /* JobJotTests.swift in Sources */ = {isa = PBXBuildFile; fileRef = 62FAC0802C6EA928004AF112 /* JobJotTests.swift */; };
/* End PBXBuildFile section */

/* Begin PBXContainerItemProxy section */
		62FAC0822C6EA928004AF112 /* PBXContainerItemProxy */ = {
			isa = PBXContainerItemProxy;
			containerPortal = 62ED76D42B65145A00262298 /* Project object */;
			proxyType = 1;
			remoteGlobalIDString = 62ED76DB2B65145A00262298;
			remoteInfo = "Multi-Wiz";
		};
/* End PBXContainerItemProxy section */

/* Begin PBXFileReference section */
		621660A72B777DA500A52BAE /* HomeScreenView.swift */ = {isa = PBXFileReference; lastKnownFileType = sourcecode.swift; path = HomeScreenView.swift; sourceTree = "<group>"; };
		621660AD2B77A21E00A52BAE /* StatsViewComponent.swift */ = {isa = PBXFileReference; lastKnownFileType = sourcecode.swift; path = StatsViewComponent.swift; sourceTree = "<group>"; };
		621660AF2B77A42A00A52BAE /* StatModel.swift */ = {isa = PBXFileReference; lastKnownFileType = sourcecode.swift; path = StatModel.swift; sourceTree = "<group>"; };
		621660B12B77ADE700A52BAE /* AllStatsView.swift */ = {isa = PBXFileReference; lastKnownFileType = sourcecode.swift; path = AllStatsView.swift; sourceTree = "<group>"; };
		621660CD2B79386200A52BAE /* PrimaryButtonModifier.swift */ = {isa = PBXFileReference; lastKnownFileType = sourcecode.swift; path = PrimaryButtonModifier.swift; sourceTree = "<group>"; };
		621660CF2B79394700A52BAE /* SecondaryButtonModifier.swift */ = {isa = PBXFileReference; lastKnownFileType = sourcecode.swift; path = SecondaryButtonModifier.swift; sourceTree = "<group>"; };
		621661112B7EB72000A52BAE /* QuizNavigation.swift */ = {isa = PBXFileReference; lastKnownFileType = sourcecode.swift; path = QuizNavigation.swift; sourceTree = "<group>"; };
		621661132B7EBCF700A52BAE /* QuizData.swift */ = {isa = PBXFileReference; lastKnownFileType = sourcecode.swift; path = QuizData.swift; sourceTree = "<group>"; };
		621661152B7ECD4700A52BAE /* PreviewsData.swift */ = {isa = PBXFileReference; lastKnownFileType = sourcecode.swift; path = PreviewsData.swift; sourceTree = "<group>"; };
		62189DD72BB63C5A00B72186 /* EndView-ViewModel.swift */ = {isa = PBXFileReference; lastKnownFileType = sourcecode.swift; path = "EndView-ViewModel.swift"; sourceTree = "<group>"; };
		6252E6182B653AE70074F46A /* QuizView.swift */ = {isa = PBXFileReference; lastKnownFileType = sourcecode.swift; path = QuizView.swift; sourceTree = "<group>"; };
		6252E61A2B6559CD0074F46A /* QuestionModel.swift */ = {isa = PBXFileReference; lastKnownFileType = sourcecode.swift; path = QuestionModel.swift; sourceTree = "<group>"; };
		6252E61E2B657E7C0074F46A /* EndView.swift */ = {isa = PBXFileReference; lastKnownFileType = sourcecode.swift; path = EndView.swift; sourceTree = "<group>"; };
		6252E6202B65826F0074F46A /* FeedbackEnum.swift */ = {isa = PBXFileReference; lastKnownFileType = sourcecode.swift; path = FeedbackEnum.swift; sourceTree = "<group>"; };
		6252E6222B6587D10074F46A /* SettingsView.swift */ = {isa = PBXFileReference; lastKnownFileType = sourcecode.swift; path = SettingsView.swift; sourceTree = "<group>"; };
		62ED76DC2B65145A00262298 /* Multi-Wiz.app */ = {isa = PBXFileReference; explicitFileType = wrapper.application; includeInIndex = 0; path = "Multi-Wiz.app"; sourceTree = BUILT_PRODUCTS_DIR; };
		62ED76DF2B65145A00262298 /* Multi_WizApp.swift */ = {isa = PBXFileReference; lastKnownFileType = sourcecode.swift; path = Multi_WizApp.swift; sourceTree = "<group>"; };
		62ED76E32B65145C00262298 /* Assets.xcassets */ = {isa = PBXFileReference; lastKnownFileType = folder.assetcatalog; path = Assets.xcassets; sourceTree = "<group>"; };
		62ED76E62B65145C00262298 /* Preview Assets.xcassets */ = {isa = PBXFileReference; lastKnownFileType = folder.assetcatalog; path = "Preview Assets.xcassets"; sourceTree = "<group>"; };
		62FAC07E2C6EA928004AF112 /* JobJotTests.xctest */ = {isa = PBXFileReference; explicitFileType = wrapper.cfbundle; includeInIndex = 0; path = JobJotTests.xctest; sourceTree = BUILT_PRODUCTS_DIR; };
		62FAC0802C6EA928004AF112 /* JobJotTests.swift */ = {isa = PBXFileReference; lastKnownFileType = sourcecode.swift; path = JobJotTests.swift; sourceTree = "<group>"; };
/* End PBXFileReference section */

/* Begin PBXFrameworksBuildPhase section */
		62ED76D92B65145A00262298 /* Frameworks */ = {
			isa = PBXFrameworksBuildPhase;
			buildActionMask = 2147483647;
			files = (
			);
			runOnlyForDeploymentPostprocessing = 0;
		};
		62FAC07B2C6EA928004AF112 /* Frameworks */ = {
			isa = PBXFrameworksBuildPhase;
			buildActionMask = 2147483647;
			files = (
			);
			runOnlyForDeploymentPostprocessing = 0;
		};
/* End PBXFrameworksBuildPhase section */

/* Begin PBXGroup section */
		621660A92B7782FD00A52BAE /* Model */ = {
			isa = PBXGroup;
			children = (
				621661132B7EBCF700A52BAE /* QuizData.swift */,
				6252E6202B65826F0074F46A /* FeedbackEnum.swift */,
				6252E61A2B6559CD0074F46A /* QuestionModel.swift */,
				621660AF2B77A42A00A52BAE /* StatModel.swift */,
				621661112B7EB72000A52BAE /* QuizNavigation.swift */,
				621661152B7ECD4700A52BAE /* PreviewsData.swift */,
			);
			path = Model;
			sourceTree = "<group>";
		};
		621660AA2B77830D00A52BAE /* Views */ = {
			isa = PBXGroup;
			children = (
				621660A72B777DA500A52BAE /* HomeScreenView.swift */,
				6252E6222B6587D10074F46A /* SettingsView.swift */,
				6252E6182B653AE70074F46A /* QuizView.swift */,
				6252E61E2B657E7C0074F46A /* EndView.swift */,
				621660B12B77ADE700A52BAE /* AllStatsView.swift */,
			);
			path = Views;
			sourceTree = "<group>";
		};
		621660D12B7939C100A52BAE /* Custom Modifiers */ = {
			isa = PBXGroup;
			children = (
				621660CD2B79386200A52BAE /* PrimaryButtonModifier.swift */,
				621660CF2B79394700A52BAE /* SecondaryButtonModifier.swift */,
			);
			path = "Custom Modifiers";
			sourceTree = "<group>";
		};
		62189DD42BB62A6800B72186 /* View Components */ = {
			isa = PBXGroup;
			children = (
				621660AD2B77A21E00A52BAE /* StatsViewComponent.swift */,
			);
			path = "View Components";
			sourceTree = "<group>";
		};
		621945CF2BBB4E6600117352 /* View Models */ = {
			isa = PBXGroup;
			children = (
				62189DD72BB63C5A00B72186 /* EndView-ViewModel.swift */,
			);
			path = "View Models";
			sourceTree = "<group>";
		};
		62ED76D32B65145A00262298 = {
			isa = PBXGroup;
			children = (
				62ED76DE2B65145A00262298 /* Multi-Wiz */,
				62FAC07F2C6EA928004AF112 /* JobJotTests */,
				62ED76DD2B65145A00262298 /* Products */,
			);
			sourceTree = "<group>";
		};
		62ED76DD2B65145A00262298 /* Products */ = {
			isa = PBXGroup;
			children = (
				62ED76DC2B65145A00262298 /* Multi-Wiz.app */,
				62FAC07E2C6EA928004AF112 /* JobJotTests.xctest */,
			);
			name = Products;
			sourceTree = "<group>";
		};
		62ED76DE2B65145A00262298 /* Multi-Wiz */ = {
			isa = PBXGroup;
			children = (
				62ED76DF2B65145A00262298 /* Multi_WizApp.swift */,
				621660AA2B77830D00A52BAE /* Views */,
				62189DD42BB62A6800B72186 /* View Components */,
				621945CF2BBB4E6600117352 /* View Models */,
				621660A92B7782FD00A52BAE /* Model */,
				621660D12B7939C100A52BAE /* Custom Modifiers */,
				62ED76E32B65145C00262298 /* Assets.xcassets */,
				62ED76E52B65145C00262298 /* Preview Content */,
			);
			path = "Multi-Wiz";
			sourceTree = "<group>";
		};
		62ED76E52B65145C00262298 /* Preview Content */ = {
			isa = PBXGroup;
			children = (
				62ED76E62B65145C00262298 /* Preview Assets.xcassets */,
			);
			path = "Preview Content";
			sourceTree = "<group>";
		};
		62FAC07F2C6EA928004AF112 /* JobJotTests */ = {
			isa = PBXGroup;
			children = (
				62FAC0802C6EA928004AF112 /* JobJotTests.swift */,
			);
			path = JobJotTests;
			sourceTree = "<group>";
		};
/* End PBXGroup section */

/* Begin PBXNativeTarget section */
		62ED76DB2B65145A00262298 /* Multi-Wiz */ = {
			isa = PBXNativeTarget;
			buildConfigurationList = 62ED76EA2B65145C00262298 /* Build configuration list for PBXNativeTarget "Multi-Wiz" */;
			buildPhases = (
				62ED76D82B65145A00262298 /* Sources */,
				62ED76D92B65145A00262298 /* Frameworks */,
				62ED76DA2B65145A00262298 /* Resources */,
			);
			buildRules = (
			);
			dependencies = (
			);
			name = "Multi-Wiz";
			productName = "Multi-Wiz";
			productReference = 62ED76DC2B65145A00262298 /* Multi-Wiz.app */;
			productType = "com.apple.product-type.application";
		};
		62FAC07D2C6EA928004AF112 /* JobJotTests */ = {
			isa = PBXNativeTarget;
			buildConfigurationList = 62FAC0862C6EA928004AF112 /* Build configuration list for PBXNativeTarget "JobJotTests" */;
			buildPhases = (
				62FAC07A2C6EA928004AF112 /* Sources */,
				62FAC07B2C6EA928004AF112 /* Frameworks */,
				62FAC07C2C6EA928004AF112 /* Resources */,
			);
			buildRules = (
			);
			dependencies = (
				62FAC0832C6EA928004AF112 /* PBXTargetDependency */,
			);
			name = JobJotTests;
			productName = JobJotTests;
			productReference = 62FAC07E2C6EA928004AF112 /* JobJotTests.xctest */;
			productType = "com.apple.product-type.bundle.unit-test";
		};
/* End PBXNativeTarget section */

/* Begin PBXProject section */
		62ED76D42B65145A00262298 /* Project object */ = {
			isa = PBXProject;
			attributes = {
				BuildIndependentTargetsInParallel = 1;
				LastSwiftUpdateCheck = 1540;
				LastUpgradeCheck = 1500;
				TargetAttributes = {
					62ED76DB2B65145A00262298 = {
						CreatedOnToolsVersion = 15.0.1;
					};
					62FAC07D2C6EA928004AF112 = {
						CreatedOnToolsVersion = 15.4;
						TestTargetID = 62ED76DB2B65145A00262298;
					};
				};
			};
			buildConfigurationList = 62ED76D72B65145A00262298 /* Build configuration list for PBXProject "Multi-Wiz" */;
			compatibilityVersion = "Xcode 14.0";
			developmentRegion = en;
			hasScannedForEncodings = 0;
			knownRegions = (
				en,
				Base,
			);
			mainGroup = 62ED76D32B65145A00262298;
			productRefGroup = 62ED76DD2B65145A00262298 /* Products */;
			projectDirPath = "";
			projectRoot = "";
			targets = (
				62ED76DB2B65145A00262298 /* Multi-Wiz */,
				62FAC07D2C6EA928004AF112 /* JobJotTests */,
			);
		};
/* End PBXProject section */

/* Begin PBXResourcesBuildPhase section */
		62ED76DA2B65145A00262298 /* Resources */ = {
			isa = PBXResourcesBuildPhase;
			buildActionMask = 2147483647;
			files = (
				62ED76E72B65145C00262298 /* Preview Assets.xcassets in Resources */,
				62ED76E42B65145C00262298 /* Assets.xcassets in Resources */,
			);
			runOnlyForDeploymentPostprocessing = 0;
		};
		62FAC07C2C6EA928004AF112 /* Resources */ = {
			isa = PBXResourcesBuildPhase;
			buildActionMask = 2147483647;
			files = (
			);
			runOnlyForDeploymentPostprocessing = 0;
		};
/* End PBXResourcesBuildPhase section */

/* Begin PBXSourcesBuildPhase section */
		62ED76D82B65145A00262298 /* Sources */ = {
			isa = PBXSourcesBuildPhase;
			buildActionMask = 2147483647;
			files = (
				621660B22B77ADE700A52BAE /* AllStatsView.swift in Sources */,
				6252E61F2B657E7C0074F46A /* EndView.swift in Sources */,
				621660B02B77A42A00A52BAE /* StatModel.swift in Sources */,
				6252E6232B6587D10074F46A /* SettingsView.swift in Sources */,
				621660A82B777DA500A52BAE /* HomeScreenView.swift in Sources */,
				62ED76E02B65145A00262298 /* Multi_WizApp.swift in Sources */,
				621660D02B79394700A52BAE /* SecondaryButtonModifier.swift in Sources */,
				621661122B7EB72000A52BAE /* QuizNavigation.swift in Sources */,
				6252E6192B653AE70074F46A /* QuizView.swift in Sources */,
				621660AE2B77A21E00A52BAE /* StatsViewComponent.swift in Sources */,
				621661162B7ECD4700A52BAE /* PreviewsData.swift in Sources */,
				621660CE2B79386200A52BAE /* PrimaryButtonModifier.swift in Sources */,
				621661142B7EBCF700A52BAE /* QuizData.swift in Sources */,
				62189DD82BB63C5A00B72186 /* EndView-ViewModel.swift in Sources */,
				6252E6212B65826F0074F46A /* FeedbackEnum.swift in Sources */,
				6252E61B2B6559CD0074F46A /* QuestionModel.swift in Sources */,
			);
			runOnlyForDeploymentPostprocessing = 0;
		};
		62FAC07A2C6EA928004AF112 /* Sources */ = {
			isa = PBXSourcesBuildPhase;
			buildActionMask = 2147483647;
			files = (
				62FAC0812C6EA928004AF112 /* JobJotTests.swift in Sources */,
			);
			runOnlyForDeploymentPostprocessing = 0;
		};
/* End PBXSourcesBuildPhase section */

/* Begin PBXTargetDependency section */
		62FAC0832C6EA928004AF112 /* PBXTargetDependency */ = {
			isa = PBXTargetDependency;
			target = 62ED76DB2B65145A00262298 /* Multi-Wiz */;
			targetProxy = 62FAC0822C6EA928004AF112 /* PBXContainerItemProxy */;
		};
/* End PBXTargetDependency section */

/* Begin XCBuildConfiguration section */
		62ED76E82B65145C00262298 /* Debug */ = {
			isa = XCBuildConfiguration;
			buildSettings = {
				ALWAYS_SEARCH_USER_PATHS = NO;
				ASSETCATALOG_COMPILER_GENERATE_SWIFT_ASSET_SYMBOL_EXTENSIONS = YES;
				CLANG_ANALYZER_NONNULL = YES;
				CLANG_ANALYZER_NUMBER_OBJECT_CONVERSION = YES_AGGRESSIVE;
				CLANG_CXX_LANGUAGE_STANDARD = "gnu++20";
				CLANG_ENABLE_MODULES = YES;
				CLANG_ENABLE_OBJC_ARC = YES;
				CLANG_ENABLE_OBJC_WEAK = YES;
				CLANG_WARN_BLOCK_CAPTURE_AUTORELEASING = YES;
				CLANG_WARN_BOOL_CONVERSION = YES;
				CLANG_WARN_COMMA = YES;
				CLANG_WARN_CONSTANT_CONVERSION = YES;
				CLANG_WARN_DEPRECATED_OBJC_IMPLEMENTATIONS = YES;
				CLANG_WARN_DIRECT_OBJC_ISA_USAGE = YES_ERROR;
				CLANG_WARN_DOCUMENTATION_COMMENTS = YES;
				CLANG_WARN_EMPTY_BODY = YES;
				CLANG_WARN_ENUM_CONVERSION = YES;
				CLANG_WARN_INFINITE_RECURSION = YES;
				CLANG_WARN_INT_CONVERSION = YES;
				CLANG_WARN_NON_LITERAL_NULL_CONVERSION = YES;
				CLANG_WARN_OBJC_IMPLICIT_RETAIN_SELF = YES;
				CLANG_WARN_OBJC_LITERAL_CONVERSION = YES;
				CLANG_WARN_OBJC_ROOT_CLASS = YES_ERROR;
				CLANG_WARN_QUOTED_INCLUDE_IN_FRAMEWORK_HEADER = YES;
				CLANG_WARN_RANGE_LOOP_ANALYSIS = YES;
				CLANG_WARN_STRICT_PROTOTYPES = YES;
				CLANG_WARN_SUSPICIOUS_MOVE = YES;
				CLANG_WARN_UNGUARDED_AVAILABILITY = YES_AGGRESSIVE;
				CLANG_WARN_UNREACHABLE_CODE = YES;
				CLANG_WARN__DUPLICATE_METHOD_MATCH = YES;
				COPY_PHASE_STRIP = NO;
				DEBUG_INFORMATION_FORMAT = dwarf;
				ENABLE_STRICT_OBJC_MSGSEND = YES;
				ENABLE_TESTABILITY = YES;
				ENABLE_USER_SCRIPT_SANDBOXING = YES;
				GCC_C_LANGUAGE_STANDARD = gnu17;
				GCC_DYNAMIC_NO_PIC = NO;
				GCC_NO_COMMON_BLOCKS = YES;
				GCC_OPTIMIZATION_LEVEL = 0;
				GCC_PREPROCESSOR_DEFINITIONS = (
					"DEBUG=1",
					"$(inherited)",
				);
				GCC_WARN_64_TO_32_BIT_CONVERSION = YES;
				GCC_WARN_ABOUT_RETURN_TYPE = YES_ERROR;
				GCC_WARN_UNDECLARED_SELECTOR = YES;
				GCC_WARN_UNINITIALIZED_AUTOS = YES_AGGRESSIVE;
				GCC_WARN_UNUSED_FUNCTION = YES;
				GCC_WARN_UNUSED_VARIABLE = YES;
				IPHONEOS_DEPLOYMENT_TARGET = 17.0;
				LOCALIZATION_PREFERS_STRING_CATALOGS = YES;
				MTL_ENABLE_DEBUG_INFO = INCLUDE_SOURCE;
				MTL_FAST_MATH = YES;
				ONLY_ACTIVE_ARCH = YES;
				SDKROOT = iphoneos;
				SWIFT_ACTIVE_COMPILATION_CONDITIONS = "DEBUG $(inherited)";
				SWIFT_OPTIMIZATION_LEVEL = "-Onone";
			};
			name = Debug;
		};
		62ED76E92B65145C00262298 /* Release */ = {
			isa = XCBuildConfiguration;
			buildSettings = {
				ALWAYS_SEARCH_USER_PATHS = NO;
				ASSETCATALOG_COMPILER_GENERATE_SWIFT_ASSET_SYMBOL_EXTENSIONS = YES;
				CLANG_ANALYZER_NONNULL = YES;
				CLANG_ANALYZER_NUMBER_OBJECT_CONVERSION = YES_AGGRESSIVE;
				CLANG_CXX_LANGUAGE_STANDARD = "gnu++20";
				CLANG_ENABLE_MODULES = YES;
				CLANG_ENABLE_OBJC_ARC = YES;
				CLANG_ENABLE_OBJC_WEAK = YES;
				CLANG_WARN_BLOCK_CAPTURE_AUTORELEASING = YES;
				CLANG_WARN_BOOL_CONVERSION = YES;
				CLANG_WARN_COMMA = YES;
				CLANG_WARN_CONSTANT_CONVERSION = YES;
				CLANG_WARN_DEPRECATED_OBJC_IMPLEMENTATIONS = YES;
				CLANG_WARN_DIRECT_OBJC_ISA_USAGE = YES_ERROR;
				CLANG_WARN_DOCUMENTATION_COMMENTS = YES;
				CLANG_WARN_EMPTY_BODY = YES;
				CLANG_WARN_ENUM_CONVERSION = YES;
				CLANG_WARN_INFINITE_RECURSION = YES;
				CLANG_WARN_INT_CONVERSION = YES;
				CLANG_WARN_NON_LITERAL_NULL_CONVERSION = YES;
				CLANG_WARN_OBJC_IMPLICIT_RETAIN_SELF = YES;
				CLANG_WARN_OBJC_LITERAL_CONVERSION = YES;
				CLANG_WARN_OBJC_ROOT_CLASS = YES_ERROR;
				CLANG_WARN_QUOTED_INCLUDE_IN_FRAMEWORK_HEADER = YES;
				CLANG_WARN_RANGE_LOOP_ANALYSIS = YES;
				CLANG_WARN_STRICT_PROTOTYPES = YES;
				CLANG_WARN_SUSPICIOUS_MOVE = YES;
				CLANG_WARN_UNGUARDED_AVAILABILITY = YES_AGGRESSIVE;
				CLANG_WARN_UNREACHABLE_CODE = YES;
				CLANG_WARN__DUPLICATE_METHOD_MATCH = YES;
				COPY_PHASE_STRIP = NO;
				DEBUG_INFORMATION_FORMAT = "dwarf-with-dsym";
				ENABLE_NS_ASSERTIONS = NO;
				ENABLE_STRICT_OBJC_MSGSEND = YES;
				ENABLE_USER_SCRIPT_SANDBOXING = YES;
				GCC_C_LANGUAGE_STANDARD = gnu17;
				GCC_NO_COMMON_BLOCKS = YES;
				GCC_WARN_64_TO_32_BIT_CONVERSION = YES;
				GCC_WARN_ABOUT_RETURN_TYPE = YES_ERROR;
				GCC_WARN_UNDECLARED_SELECTOR = YES;
				GCC_WARN_UNINITIALIZED_AUTOS = YES_AGGRESSIVE;
				GCC_WARN_UNUSED_FUNCTION = YES;
				GCC_WARN_UNUSED_VARIABLE = YES;
				IPHONEOS_DEPLOYMENT_TARGET = 17.0;
				LOCALIZATION_PREFERS_STRING_CATALOGS = YES;
				MTL_ENABLE_DEBUG_INFO = NO;
				MTL_FAST_MATH = YES;
				SDKROOT = iphoneos;
				SWIFT_COMPILATION_MODE = wholemodule;
				VALIDATE_PRODUCT = YES;
			};
			name = Release;
		};
		62ED76EB2B65145C00262298 /* Debug */ = {
			isa = XCBuildConfiguration;
			buildSettings = {
				ASSETCATALOG_COMPILER_APPICON_NAME = AppIcon;
				ASSETCATALOG_COMPILER_GLOBAL_ACCENT_COLOR_NAME = AccentColor;
				CODE_SIGN_STYLE = Automatic;
				CURRENT_PROJECT_VERSION = 1;
				DEVELOPMENT_ASSET_PATHS = "\"Multi-Wiz/Preview Content\"";
				DEVELOPMENT_TEAM = DTJ5G5B67W;
				ENABLE_PREVIEWS = YES;
				GENERATE_INFOPLIST_FILE = YES;
				INFOPLIST_KEY_UIApplicationSceneManifest_Generation = YES;
				INFOPLIST_KEY_UIApplicationSupportsIndirectInputEvents = YES;
				INFOPLIST_KEY_UILaunchScreen_Generation = YES;
				INFOPLIST_KEY_UISupportedInterfaceOrientations = UIInterfaceOrientationPortrait;
				LD_RUNPATH_SEARCH_PATHS = (
					"$(inherited)",
					"@executable_path/Frameworks",
				);
				MARKETING_VERSION = 1.0;
				PRODUCT_BUNDLE_IDENTIFIER = "com.AndreaBottino.Multi-Wiz";
				PRODUCT_NAME = "$(TARGET_NAME)";
				SWIFT_EMIT_LOC_STRINGS = YES;
				SWIFT_VERSION = 5.0;
				TARGETED_DEVICE_FAMILY = "1,2";
			};
			name = Debug;
		};
		62ED76EC2B65145C00262298 /* Release */ = {
			isa = XCBuildConfiguration;
			buildSettings = {
				ASSETCATALOG_COMPILER_APPICON_NAME = AppIcon;
				ASSETCATALOG_COMPILER_GLOBAL_ACCENT_COLOR_NAME = AccentColor;
				CODE_SIGN_STYLE = Automatic;
				CURRENT_PROJECT_VERSION = 1;
				DEVELOPMENT_ASSET_PATHS = "\"Multi-Wiz/Preview Content\"";
				DEVELOPMENT_TEAM = DTJ5G5B67W;
				ENABLE_PREVIEWS = YES;
				GENERATE_INFOPLIST_FILE = YES;
				INFOPLIST_KEY_UIApplicationSceneManifest_Generation = YES;
				INFOPLIST_KEY_UIApplicationSupportsIndirectInputEvents = YES;
				INFOPLIST_KEY_UILaunchScreen_Generation = YES;
				INFOPLIST_KEY_UISupportedInterfaceOrientations = UIInterfaceOrientationPortrait;
				LD_RUNPATH_SEARCH_PATHS = (
					"$(inherited)",
					"@executable_path/Frameworks",
				);
				MARKETING_VERSION = 1.0;
				PRODUCT_BUNDLE_IDENTIFIER = "com.AndreaBottino.Multi-Wiz";
				PRODUCT_NAME = "$(TARGET_NAME)";
				SWIFT_EMIT_LOC_STRINGS = YES;
				SWIFT_VERSION = 5.0;
				TARGETED_DEVICE_FAMILY = "1,2";
			};
			name = Release;
		};
		62FAC0842C6EA928004AF112 /* Debug */ = {
			isa = XCBuildConfiguration;
			buildSettings = {
				BUNDLE_LOADER = "$(TEST_HOST)";
				CODE_SIGN_STYLE = Automatic;
				CURRENT_PROJECT_VERSION = 1;
				DEVELOPMENT_TEAM = L52JR8SNCR;
				GENERATE_INFOPLIST_FILE = YES;
				IPHONEOS_DEPLOYMENT_TARGET = 17.5;
				MARKETING_VERSION = 1.0;
				PRODUCT_BUNDLE_IDENTIFIER = com.AndreaBottino.JobJotTests;
				PRODUCT_NAME = "$(TARGET_NAME)";
				SWIFT_EMIT_LOC_STRINGS = NO;
				SWIFT_VERSION = 5.0;
				TARGETED_DEVICE_FAMILY = "1,2";
				TEST_HOST = "$(BUILT_PRODUCTS_DIR)/Multi-Wiz.app/$(BUNDLE_EXECUTABLE_FOLDER_PATH)/Multi-Wiz";
			};
			name = Debug;
		};
		62FAC0852C6EA928004AF112 /* Release */ = {
			isa = XCBuildConfiguration;
			buildSettings = {
				BUNDLE_LOADER = "$(TEST_HOST)";
				CODE_SIGN_STYLE = Automatic;
				CURRENT_PROJECT_VERSION = 1;
				DEVELOPMENT_TEAM = L52JR8SNCR;
				GENERATE_INFOPLIST_FILE = YES;
				IPHONEOS_DEPLOYMENT_TARGET = 17.5;
				MARKETING_VERSION = 1.0;
				PRODUCT_BUNDLE_IDENTIFIER = com.AndreaBottino.JobJotTests;
				PRODUCT_NAME = "$(TARGET_NAME)";
				SWIFT_EMIT_LOC_STRINGS = NO;
				SWIFT_VERSION = 5.0;
				TARGETED_DEVICE_FAMILY = "1,2";
				TEST_HOST = "$(BUILT_PRODUCTS_DIR)/Multi-Wiz.app/$(BUNDLE_EXECUTABLE_FOLDER_PATH)/Multi-Wiz";
			};
			name = Release;
		};
/* End XCBuildConfiguration section */

/* Begin XCConfigurationList section */
		62ED76D72B65145A00262298 /* Build configuration list for PBXProject "Multi-Wiz" */ = {
			isa = XCConfigurationList;
			buildConfigurations = (
				62ED76E82B65145C00262298 /* Debug */,
				62ED76E92B65145C00262298 /* Release */,
			);
			defaultConfigurationIsVisible = 0;
			defaultConfigurationName = Release;
		};
		62ED76EA2B65145C00262298 /* Build configuration list for PBXNativeTarget "Multi-Wiz" */ = {
			isa = XCConfigurationList;
			buildConfigurations = (
				62ED76EB2B65145C00262298 /* Debug */,
				62ED76EC2B65145C00262298 /* Release */,
			);
			defaultConfigurationIsVisible = 0;
			defaultConfigurationName = Release;
		};
		62FAC0862C6EA928004AF112 /* Build configuration list for PBXNativeTarget "JobJotTests" */ = {
			isa = XCConfigurationList;
			buildConfigurations = (
				62FAC0842C6EA928004AF112 /* Debug */,
				62FAC0852C6EA928004AF112 /* Release */,
			);
			defaultConfigurationIsVisible = 0;
			defaultConfigurationName = Release;
		};
/* End XCConfigurationList section */
	};
	rootObject = 62ED76D42B65145A00262298 /* Project object */;
}
